# THIS IS AN AUTOGENERATED FILE. DO NOT EDIT THIS FILE DIRECTLY.
# yarn lockfile v1


"@js-joda/core@^5.5.3":
  version "5.5.3"
  resolved "https://registry.npmjs.org/@js-joda/core/-/core-5.5.3.tgz#defac1f9af382178104ad327af1ec97446039752"
  integrity sha512-7dqNYwG8gCt4hfg5PKgM7xLEcgSBcx/UgC92OMnhMmvAnq11QzDFPrxUkNR/u5kn17WWLZ8beZ4A3Qrz4pZcmQ==

guid-typescript@^1.0.9:
  version "1.0.9"
  resolved "https://registry.npmjs.org/guid-typescript/-/guid-typescript-1.0.9.tgz#e35f77003535b0297ea08548f5ace6adb1480ddc"
  integrity sha512-Y8T4vYhEfwJOTbouREvG+3XDsjr8E3kIr7uf+JZ0BYloFsttiHU0WfvANVsR7TxNUJa/WpCnw/Ino/p+DeBhBQ==

rxjs@^7.8.1:
  version "7.8.1"
  resolved "https://registry.npmjs.org/rxjs/-/rxjs-7.8.1.tgz#6f6f3d99ea8044291efd92e7c7fcf562c4057543"
  integrity sha512-AA3TVj+0A2iuIoQkWEK/tqFjBq2j+6PO6Y0zJcvzLAFhEFIO3HL0vls9hWLncZbAAbK0mar7oZ4V079I/qPMxg==
  dependencies:
    tslib "^2.1.0"

tslib@^2.1.0:
  version "2.6.2"
  resolved "https://registry.npmjs.org/tslib/-/tslib-2.6.2.tgz#703ac29425e7b37cd6fd456e92404d46d1f3e4ae"
  integrity sha512-AEYxH93jGFPn/a2iVAwW87VuUIkR1FVUKB77NwMF7nBTDkDrrT/Hpt/IrCJ0QXhW27jTBDcf5ZY7w6RiqTMw2Q==
